
Microsoft Visual Studio Solution File, Format Version 12.00
# Visual Studio 2013
VisualStudioVersion = 12.0.21005.1
MinimumVisualStudioVersion = 10.0.40219.1
Project("{FAE04EC0-301F-11D3-BF4B-00C04F79EFBC}") = "ServiceLibrary", "MyServiceLibrary\ServiceLibrary.csproj", "{83615058-2919-4CA9-84C2-5368CEF9F281}"
EndProject
Project("{FAE04EC0-301F-11D3-BF4B-00C04F79EFBC}") = "ServiceLibrary.Tests", "MyServiceLibrary.Tests\ServiceLibrary.Tests.csproj", "{9A6C785F-F746-4392-89EF-C133C6FF80F1}"
EndProject
Project("{FAE04EC0-301F-11D3-BF4B-00C04F79EFBC}") = "MasterSlaveReplication", "MasterSlaveReplication\MasterSlaveReplication.csproj", "{3D1B5E89-0729-49F6-BF57-9AA452266BA5}"
EndProject
Project("{FAE04EC0-301F-11D3-BF4B-00C04F79EFBC}") = "ReplicationAPI", "ReplicationAPI\ReplicationAPI.csproj", "{56D31369-E63A-467B-91EB-08BA0852925C}"
EndProject
Project("{FAE04EC0-301F-11D3-BF4B-00C04F79EFBC}") = "QWERTY", "QWERTY\QWERTY.csproj", "{A632C5BF-D1E3-40F6-9DF2-AD491F7FB00F}"
EndProject
Global
	GlobalSection(SolutionConfigurationPlatforms) = preSolution
		Debug|Any CPU = Debug|Any CPU
		Release|Any CPU = Release|Any CPU
	EndGlobalSection
	GlobalSection(ProjectConfigurationPlatforms) = postSolution
		{83615058-2919-4CA9-84C2-5368CEF9F281}.Debug|Any CPU.ActiveCfg = Debug|Any CPU
		{83615058-2919-4CA9-84C2-5368CEF9F281}.Debug|Any CPU.Build.0 = Debug|Any CPU
		{83615058-2919-4CA9-84C2-5368CEF9F281}.Release|Any CPU.ActiveCfg = Release|Any CPU
		{83615058-2919-4CA9-84C2-5368CEF9F281}.Release|Any CPU.Build.0 = Release|Any CPU
		{9A6C785F-F746-4392-89EF-C133C6FF80F1}.Debug|Any CPU.ActiveCfg = Debug|Any CPU
		{9A6C785F-F746-4392-89EF-C133C6FF80F1}.Debug|Any CPU.Build.0 = Debug|Any CPU
		{9A6C785F-F746-4392-89EF-C133C6FF80F1}.Release|Any CPU.ActiveCfg = Release|Any CPU
		{9A6C785F-F746-4392-89EF-C133C6FF80F1}.Release|Any CPU.Build.0 = Release|Any CPU
		{3D1B5E89-0729-49F6-BF57-9AA452266BA5}.Debug|Any CPU.ActiveCfg = Debug|Any CPU
		{3D1B5E89-0729-49F6-BF57-9AA452266BA5}.Debug|Any CPU.Build.0 = Debug|Any CPU
		{3D1B5E89-0729-49F6-BF57-9AA452266BA5}.Release|Any CPU.ActiveCfg = Release|Any CPU
		{3D1B5E89-0729-49F6-BF57-9AA452266BA5}.Release|Any CPU.Build.0 = Release|Any CPU
		{56D31369-E63A-467B-91EB-08BA0852925C}.Debug|Any CPU.ActiveCfg = Debug|Any CPU
		{56D31369-E63A-467B-91EB-08BA0852925C}.Debug|Any CPU.Build.0 = Debug|Any CPU
		{56D31369-E63A-467B-91EB-08BA0852925C}.Release|Any CPU.ActiveCfg = Release|Any CPU
		{56D31369-E63A-467B-91EB-08BA0852925C}.Release|Any CPU.Build.0 = Release|Any CPU
		{A632C5BF-D1E3-40F6-9DF2-AD491F7FB00F}.Debug|Any CPU.ActiveCfg = Debug|Any CPU
		{A632C5BF-D1E3-40F6-9DF2-AD491F7FB00F}.Debug|Any CPU.Build.0 = Debug|Any CPU
		{A632C5BF-D1E3-40F6-9DF2-AD491F7FB00F}.Release|Any CPU.ActiveCfg = Release|Any CPU
		{A632C5BF-D1E3-40F6-9DF2-AD491F7FB00F}.Release|Any CPU.Build.0 = Release|Any CPU
	EndGlobalSection
	GlobalSection(SolutionProperties) = preSolution
		HideSolutionNode = FALSE
	EndGlobalSection
EndGlobal
